
Microsoft Visual Studio Solution File, Format Version 12.00
# Visual Studio Version 17
VisualStudioVersion = 17.5.2.0
MinimumVisualStudioVersion = 10.0.40219.1
Project("{FAE04EC0-301F-11D3-BF4B-00C04F79EFBC}") = "ASFItemCollector", "ASFItemCollector\ASFItemCollector.csproj", "{B20739C2-644F-8A43-8215-87C4C64D2FA7}"
EndProject
Project("{2150E333-8FDC-42A3-9474-1A3956D46DE8}") = "ArchiSteamFarm", "ArchiSteamFarm", "{D8E6857A-C7C1-DAC9-C449-B897926A879E}"
EndProject
Project("{FAE04EC0-301F-11D3-BF4B-00C04F79EFBC}") = "ArchiSteamFarm", "ArchiSteamFarm\ArchiSteamFarm\ArchiSteamFarm.csproj", "{63D61DC7-E5CC-4084-8401-3F9F9AC081D6}"
EndProject
Global
	GlobalSection(SolutionConfigurationPlatforms) = preSolution
		Debug|Any CPU = Debug|Any CPU
		Debug|x64 = Debug|x64
		Debug|x86 = Debug|x86
		Release|Any CPU = Release|Any CPU
		Release|x64 = Release|x64
		Release|x86 = Release|x86
	EndGlobalSection
	GlobalSection(ProjectConfigurationPlatforms) = postSolution
		{B20739C2-644F-8A43-8215-87C4C64D2FA7}.Debug|Any CPU.ActiveCfg = Debug|Any CPU
		{B20739C2-644F-8A43-8215-87C4C64D2FA7}.Debug|Any CPU.Build.0 = Debug|Any CPU
		{B20739C2-644F-8A43-8215-87C4C64D2FA7}.Debug|x64.ActiveCfg = Debug|Any CPU
		{B20739C2-644F-8A43-8215-87C4C64D2FA7}.Debug|x64.Build.0 = Debug|Any CPU
		{B20739C2-644F-8A43-8215-87C4C64D2FA7}.Debug|x86.ActiveCfg = Debug|Any CPU
		{B20739C2-644F-8A43-8215-87C4C64D2FA7}.Debug|x86.Build.0 = Debug|Any CPU
		{B20739C2-644F-8A43-8215-87C4C64D2FA7}.Release|Any CPU.ActiveCfg = Release|Any CPU
		{B20739C2-644F-8A43-8215-87C4C64D2FA7}.Release|Any CPU.Build.0 = Release|Any CPU
		{B20739C2-644F-8A43-8215-87C4C64D2FA7}.Release|x64.ActiveCfg = Release|Any CPU
		{B20739C2-644F-8A43-8215-87C4C64D2FA7}.Release|x64.Build.0 = Release|Any CPU
		{B20739C2-644F-8A43-8215-87C4C64D2FA7}.Release|x86.ActiveCfg = Release|Any CPU
		{B20739C2-644F-8A43-8215-87C4C64D2FA7}.Release|x86.Build.0 = Release|Any CPU
		{63D61DC7-E5CC-4084-8401-3F9F9AC081D6}.Debug|Any CPU.ActiveCfg = Debug|Any CPU
		{63D61DC7-E5CC-4084-8401-3F9F9AC081D6}.Debug|Any CPU.Build.0 = Debug|Any CPU
		{63D61DC7-E5CC-4084-8401-3F9F9AC081D6}.Debug|x64.ActiveCfg = Debug|Any CPU
		{63D61DC7-E5CC-4084-8401-3F9F9AC081D6}.Debug|x64.Build.0 = Debug|Any CPU
		{63D61DC7-E5CC-4084-8401-3F9F9AC081D6}.Debug|x86.ActiveCfg = Debug|Any CPU
		{63D61DC7-E5CC-4084-8401-3F9F9AC081D6}.Debug|x86.Build.0 = Debug|Any CPU
		{63D61DC7-E5CC-4084-8401-3F9F9AC081D6}.Release|Any CPU.ActiveCfg = Release|Any CPU
		{63D61DC7-E5CC-4084-8401-3F9F9AC081D6}.Release|Any CPU.Build.0 = Release|Any CPU
		{63D61DC7-E5CC-4084-8401-3F9F9AC081D6}.Release|x64.ActiveCfg = Release|Any CPU
		{63D61DC7-E5CC-4084-8401-3F9F9AC081D6}.Release|x64.Build.0 = Release|Any CPU
		{63D61DC7-E5CC-4084-8401-3F9F9AC081D6}.Release|x86.ActiveCfg = Release|Any CPU
		{63D61DC7-E5CC-4084-8401-3F9F9AC081D6}.Release|x86.Build.0 = Release|Any CPU
	EndGlobalSection
	GlobalSection(SolutionProperties) = preSolution
		HideSolutionNode = FALSE
	EndGlobalSection
	GlobalSection(NestedProjects) = preSolution
		{63D61DC7-E5CC-4084-8401-3F9F9AC081D6} = {D8E6857A-C7C1-DAC9-C449-B897926A879E}
	EndGlobalSection
	GlobalSection(ExtensibilityGlobals) = postSolution
		SolutionGuid = {9B2119ED-B967-45FF-B4AF-950713FE0C74}
	EndGlobalSection
EndGlobal
